// !$*UTF8*$!
{
	archiveVersion = 1;
	classes = {
	};
	objectVersion = 56;
	objects = {

/* Begin PBXBuildFile section */
		B71CB6072BE802AB00960617 /* FirebaseAuth in Frameworks */ = {isa = PBXBuildFile; productRef = B71CB6062BE802AB00960617 /* FirebaseAuth */; };
		B71CB6092BE802AB00960617 /* FirebaseDatabase in Frameworks */ = {isa = PBXBuildFile; productRef = B71CB6082BE802AB00960617 /* FirebaseDatabase */; };
		B71CB60D2BE8035300960617 /* LoginViewController.swift in Sources */ = {isa = PBXBuildFile; fileRef = B71CB60C2BE8035300960617 /* LoginViewController.swift */; };
		B71CB6122BE8053900960617 /* RegisterViewController.swift in Sources */ = {isa = PBXBuildFile; fileRef = B71CB6112BE8053900960617 /* RegisterViewController.swift */; };
		B7371AF22BF02CD6008E7454 /* ViewController3.swift in Sources */ = {isa = PBXBuildFile; fileRef = B7371AF12BF02CD6008E7454 /* ViewController3.swift */; };
		B7371AF62BF03237008E7454 /* CustomTableViewCell.swift in Sources */ = {isa = PBXBuildFile; fileRef = B7371AF52BF03237008E7454 /* CustomTableViewCell.swift */; };
		B7BD38952BEFD9560027A75C /* GoogleService-Info.plist in Resources */ = {isa = PBXBuildFile; fileRef = B7BD38942BEFD9560027A75C /* GoogleService-Info.plist */; };
		B7BD38982BEFD9740027A75C /* SweaterShopProyec.xcdatamodeld in Sources */ = {isa = PBXBuildFile; fileRef = B7BD38962BEFD9740027A75C /* SweaterShopProyec.xcdatamodeld */; };
		B7D243122BEFE7490041E0CC /* ProductoCollectionViewCell.swift in Sources */ = {isa = PBXBuildFile; fileRef = B7D243112BEFE7490041E0CC /* ProductoCollectionViewCell.swift */; };
		B7D243162BF00F620041E0CC /* DetalleViewController.swift in Sources */ = {isa = PBXBuildFile; fileRef = B7D243152BF00F620041E0CC /* DetalleViewController.swift */; };
		B7D90CD02BC32A160050D236 /* AppDelegate.swift in Sources */ = {isa = PBXBuildFile; fileRef = B7D90CCF2BC32A160050D236 /* AppDelegate.swift */; };
		B7D90CD22BC32A160050D236 /* SceneDelegate.swift in Sources */ = {isa = PBXBuildFile; fileRef = B7D90CD12BC32A160050D236 /* SceneDelegate.swift */; };
		B7D90CD42BC32A160050D236 /* ViewController.swift in Sources */ = {isa = PBXBuildFile; fileRef = B7D90CD32BC32A160050D236 /* ViewController.swift */; };
		B7D90CD72BC32A160050D236 /* Main.storyboard in Resources */ = {isa = PBXBuildFile; fileRef = B7D90CD52BC32A160050D236 /* Main.storyboard */; };
		B7D90CD92BC32A170050D236 /* Assets.xcassets in Resources */ = {isa = PBXBuildFile; fileRef = B7D90CD82BC32A170050D236 /* Assets.xcassets */; };
		B7D90CDC2BC32A170050D236 /* LaunchScreen.storyboard in Resources */ = {isa = PBXBuildFile; fileRef = B7D90CDA2BC32A170050D236 /* LaunchScreen.storyboard */; };
/* End PBXBuildFile section */

/* Begin PBXFileReference section */
		B71CB60C2BE8035300960617 /* LoginViewController.swift */ = {isa = PBXFileReference; lastKnownFileType = sourcecode.swift; path = LoginViewController.swift; sourceTree = "<group>"; };
		B71CB6112BE8053900960617 /* RegisterViewController.swift */ = {isa = PBXFileReference; lastKnownFileType = sourcecode.swift; path = RegisterViewController.swift; sourceTree = "<group>"; };
		B7371AF12BF02CD6008E7454 /* ViewController3.swift */ = {isa = PBXFileReference; lastKnownFileType = sourcecode.swift; path = ViewController3.swift; sourceTree = "<group>"; };
		B7371AF52BF03237008E7454 /* CustomTableViewCell.swift */ = {isa = PBXFileReference; lastKnownFileType = sourcecode.swift; path = CustomTableViewCell.swift; sourceTree = "<group>"; };
		B7BD38942BEFD9560027A75C /* GoogleService-Info.plist */ = {isa = PBXFileReference; fileEncoding = 4; lastKnownFileType = text.plist.xml; path = "GoogleService-Info.plist"; sourceTree = "<group>"; };
		B7BD38972BEFD9740027A75C /* SweaterShopProyec.xcdatamodel */ = {isa = PBXFileReference; lastKnownFileType = wrapper.xcdatamodel; path = SweaterShopProyec.xcdatamodel; sourceTree = "<group>"; };
		B7D243112BEFE7490041E0CC /* ProductoCollectionViewCell.swift */ = {isa = PBXFileReference; lastKnownFileType = sourcecode.swift; path = ProductoCollectionViewCell.swift; sourceTree = "<group>"; };
		B7D243152BF00F620041E0CC /* DetalleViewController.swift */ = {isa = PBXFileReference; lastKnownFileType = sourcecode.swift; path = DetalleViewController.swift; sourceTree = "<group>"; };
		B7D90CCC2BC32A160050D236 /* SweaterShopProyec.app */ = {isa = PBXFileReference; explicitFileType = wrapper.application; includeInIndex = 0; path = SweaterShopProyec.app; sourceTree = BUILT_PRODUCTS_DIR; };
		B7D90CCF2BC32A160050D236 /* AppDelegate.swift */ = {isa = PBXFileReference; lastKnownFileType = sourcecode.swift; path = AppDelegate.swift; sourceTree = "<group>"; };
		B7D90CD12BC32A160050D236 /* SceneDelegate.swift */ = {isa = PBXFileReference; lastKnownFileType = sourcecode.swift; path = SceneDelegate.swift; sourceTree = "<group>"; };
		B7D90CD32BC32A160050D236 /* ViewController.swift */ = {isa = PBXFileReference; lastKnownFileType = sourcecode.swift; path = ViewController.swift; sourceTree = "<group>"; };
		B7D90CD62BC32A160050D236 /* Base */ = {isa = PBXFileReference; lastKnownFileType = file.storyboard; name = Base; path = Base.lproj/Main.storyboard; sourceTree = "<group>"; };
		B7D90CD82BC32A170050D236 /* Assets.xcassets */ = {isa = PBXFileReference; lastKnownFileType = folder.assetcatalog; path = Assets.xcassets; sourceTree = "<group>"; };
		B7D90CDB2BC32A170050D236 /* Base */ = {isa = PBXFileReference; lastKnownFileType = file.storyboard; name = Base; path = Base.lproj/LaunchScreen.storyboard; sourceTree = "<group>"; };
		B7D90CDD2BC32A170050D236 /* Info.plist */ = {isa = PBXFileReference; lastKnownFileType = text.plist.xml; path = Info.plist; sourceTree = "<group>"; };
/* End PBXFileReference section */

/* Begin PBXFrameworksBuildPhase section */
		B7D90CC92BC32A160050D236 /* Frameworks */ = {
			isa = PBXFrameworksBuildPhase;
			buildActionMask = 2147483647;
			files = (
				B71CB6092BE802AB00960617 /* FirebaseDatabase in Frameworks */,
				B71CB6072BE802AB00960617 /* FirebaseAuth in Frameworks */,
			);
			runOnlyForDeploymentPostprocessing = 0;
		};
/* End PBXFrameworksBuildPhase section */

/* Begin PBXGroup section */
		B7D90CC32BC32A160050D236 = {
			isa = PBXGroup;
			children = (
				B7D90CCE2BC32A160050D236 /* SweaterShopProyec */,
				B7D90CCD2BC32A160050D236 /* Products */,
			);
			sourceTree = "<group>";
		};
		B7D90CCD2BC32A160050D236 /* Products */ = {
			isa = PBXGroup;
			children = (
				B7D90CCC2BC32A160050D236 /* SweaterShopProyec.app */,
			);
			name = Products;
			sourceTree = "<group>";
		};
		B7D90CCE2BC32A160050D236 /* SweaterShopProyec */ = {
			isa = PBXGroup;
			children = (
				B7D90CCF2BC32A160050D236 /* AppDelegate.swift */,
				B7371AF52BF03237008E7454 /* CustomTableViewCell.swift */,
				B7371AF12BF02CD6008E7454 /* ViewController3.swift */,
				B7D90CD12BC32A160050D236 /* SceneDelegate.swift */,
				B7D90CD52BC32A160050D236 /* Main.storyboard */,
				B71CB60C2BE8035300960617 /* LoginViewController.swift */,
				B7D90CD32BC32A160050D236 /* ViewController.swift */,
				B7D243152BF00F620041E0CC /* DetalleViewController.swift */,
				B7D243112BEFE7490041E0CC /* ProductoCollectionViewCell.swift */,
				B71CB6112BE8053900960617 /* RegisterViewController.swift */,
				B7D90CD82BC32A170050D236 /* Assets.xcassets */,
				B7D90CDA2BC32A170050D236 /* LaunchScreen.storyboard */,
				B7D90CDD2BC32A170050D236 /* Info.plist */,
				B7BD38942BEFD9560027A75C /* GoogleService-Info.plist */,
				B7BD38962BEFD9740027A75C /* SweaterShopProyec.xcdatamodeld */,
			);
			path = SweaterShopProyec;
			sourceTree = "<group>";
		};
/* End PBXGroup section */

/* Begin PBXNativeTarget section */
		B7D90CCB2BC32A160050D236 /* SweaterShopProyec */ = {
			isa = PBXNativeTarget;
			buildConfigurationList = B7D90CE02BC32A170050D236 /* Build configuration list for PBXNativeTarget "SweaterShopProyec" */;
			buildPhases = (
				B7D90CC82BC32A160050D236 /* Sources */,
				B7D90CC92BC32A160050D236 /* Frameworks */,
				B7D90CCA2BC32A160050D236 /* Resources */,
			);
			buildRules = (
			);
			dependencies = (
			);
			name = SweaterShopProyec;
			packageProductDependencies = (
				B71CB6062BE802AB00960617 /* FirebaseAuth */,
				B71CB6082BE802AB00960617 /* FirebaseDatabase */,
			);
			productName = SweaterShopProyec;
			productReference = B7D90CCC2BC32A160050D236 /* SweaterShopProyec.app */;
			productType = "com.apple.product-type.application";
		};
/* End PBXNativeTarget section */

/* Begin PBXProject section */
		B7D90CC42BC32A160050D236 /* Project object */ = {
			isa = PBXProject;
			attributes = {
				BuildIndependentTargetsInParallel = 1;
				LastSwiftUpdateCheck = 1400;
				LastUpgradeCheck = 1400;
				TargetAttributes = {
					B7D90CCB2BC32A160050D236 = {
						CreatedOnToolsVersion = 14.0;
					};
				};
			};
			buildConfigurationList = B7D90CC72BC32A160050D236 /* Build configuration list for PBXProject "SweaterShopProyec" */;
			compatibilityVersion = "Xcode 14.0";
			developmentRegion = en;
			hasScannedForEncodings = 0;
			knownRegions = (
				en,
				Base,
			);
			mainGroup = B7D90CC32BC32A160050D236;
			packageReferences = (
				B71CB6052BE802AB00960617 /* XCRemoteSwiftPackageReference "firebase-ios-sdk" */,
			);
			productRefGroup = B7D90CCD2BC32A160050D236 /* Products */;
			projectDirPath = "";
			projectRoot = "";
			targets = (
				B7D90CCB2BC32A160050D236 /* SweaterShopProyec */,
			);
		};
/* End PBXProject section */

/* Begin PBXResourcesBuildPhase section */
		B7D90CCA2BC32A160050D236 /* Resources */ = {
			isa = PBXResourcesBuildPhase;
			buildActionMask = 2147483647;
			files = (
				B7D90CDC2BC32A170050D236 /* LaunchScreen.storyboard in Resources */,
				B7BD38952BEFD9560027A75C /* GoogleService-Info.plist in Resources */,
				B7D90CD92BC32A170050D236 /* Assets.xcassets in Resources */,
				B7D90CD72BC32A160050D236 /* Main.storyboard in Resources */,
			);
			runOnlyForDeploymentPostprocessing = 0;
		};
/* End PBXResourcesBuildPhase section */

/* Begin PBXSourcesBuildPhase section */
		B7D90CC82BC32A160050D236 /* Sources */ = {
			isa = PBXSourcesBuildPhase;
			buildActionMask = 2147483647;
			files = (
				B7371AF22BF02CD6008E7454 /* ViewController3.swift in Sources */,
				B7D243162BF00F620041E0CC /* DetalleViewController.swift in Sources */,
				B7D90CD42BC32A160050D236 /* ViewController.swift in Sources */,
				B7D90CD02BC32A160050D236 /* AppDelegate.swift in Sources */,
				B7D90CD22BC32A160050D236 /* SceneDelegate.swift in Sources */,
				B7D243122BEFE7490041E0CC /* ProductoCollectionViewCell.swift in Sources */,
				B7371AF62BF03237008E7454 /* CustomTableViewCell.swift in Sources */,
				B71CB6122BE8053900960617 /* RegisterViewController.swift in Sources */,
				B7BD38982BEFD9740027A75C /* SweaterShopProyec.xcdatamodeld in Sources */,
				B71CB60D2BE8035300960617 /* LoginViewController.swift in Sources */,
			);
			runOnlyForDeploymentPostprocessing = 0;
		};
/* End PBXSourcesBuildPhase section */

/* Begin PBXVariantGroup section */
		B7D90CD52BC32A160050D236 /* Main.storyboard */ = {
			isa = PBXVariantGroup;
			children = (
				B7D90CD62BC32A160050D236 /* Base */,
			);
			name = Main.storyboard;
			sourceTree = "<group>";
		};
		B7D90CDA2BC32A170050D236 /* LaunchScreen.storyboard */ = {
			isa = PBXVariantGroup;
			children = (
				B7D90CDB2BC32A170050D236 /* Base */,
			);
			name = LaunchScreen.storyboard;
			sourceTree = "<group>";
		};
/* End PBXVariantGroup section */

/* Begin XCBuildConfiguration section */
		B7D90CDE2BC32A170050D236 /* Debug */ = {
			isa = XCBuildConfiguration;
			buildSettings = {
				ALWAYS_SEARCH_USER_PATHS = NO;
				CLANG_ANALYZER_NONNULL = YES;
				CLANG_ANALYZER_NUMBER_OBJECT_CONVERSION = YES_AGGRESSIVE;
				CLANG_CXX_LANGUAGE_STANDARD = "gnu++20";
				CLANG_ENABLE_MODULES = YES;
				CLANG_ENABLE_OBJC_ARC = YES;
				CLANG_ENABLE_OBJC_WEAK = YES;
				CLANG_WARN_BLOCK_CAPTURE_AUTORELEASING = YES;
				CLANG_WARN_BOOL_CONVERSION = YES;
				CLANG_WARN_COMMA = YES;
				CLANG_WARN_CONSTANT_CONVERSION = YES;
				CLANG_WARN_DEPRECATED_OBJC_IMPLEMENTATIONS = YES;
				CLANG_WARN_DIRECT_OBJC_ISA_USAGE = YES_ERROR;
				CLANG_WARN_DOCUMENTATION_COMMENTS = YES;
				CLANG_WARN_EMPTY_BODY = YES;
				CLANG_WARN_ENUM_CONVERSION = YES;
				CLANG_WARN_INFINITE_RECURSION = YES;
				CLANG_WARN_INT_CONVERSION = YES;
				CLANG_WARN_NON_LITERAL_NULL_CONVERSION = YES;
				CLANG_WARN_OBJC_IMPLICIT_RETAIN_SELF = YES;
				CLANG_WARN_OBJC_LITERAL_CONVERSION = YES;
				CLANG_WARN_OBJC_ROOT_CLASS = YES_ERROR;
				CLANG_WARN_QUOTED_INCLUDE_IN_FRAMEWORK_HEADER = YES;
				CLANG_WARN_RANGE_LOOP_ANALYSIS = YES;
				CLANG_WARN_STRICT_PROTOTYPES = YES;
				CLANG_WARN_SUSPICIOUS_MOVE = YES;
				CLANG_WARN_UNGUARDED_AVAILABILITY = YES_AGGRESSIVE;
				CLANG_WARN_UNREACHABLE_CODE = YES;
				CLANG_WARN__DUPLICATE_METHOD_MATCH = YES;
				COPY_PHASE_STRIP = NO;
				DEBUG_INFORMATION_FORMAT = dwarf;
				ENABLE_STRICT_OBJC_MSGSEND = YES;
				ENABLE_TESTABILITY = YES;
				GCC_C_LANGUAGE_STANDARD = gnu11;
				GCC_DYNAMIC_NO_PIC = NO;
				GCC_NO_COMMON_BLOCKS = YES;
				GCC_OPTIMIZATION_LEVEL = 0;
				GCC_PREPROCESSOR_DEFINITIONS = (
					"DEBUG=1",
					"$(inherited)",
				);
				GCC_WARN_64_TO_32_BIT_CONVERSION = YES;
				GCC_WARN_ABOUT_RETURN_TYPE = YES_ERROR;
				GCC_WARN_UNDECLARED_SELECTOR = YES;
				GCC_WARN_UNINITIALIZED_AUTOS = YES_AGGRESSIVE;
				GCC_WARN_UNUSED_FUNCTION = YES;
				GCC_WARN_UNUSED_VARIABLE = YES;
				IPHONEOS_DEPLOYMENT_TARGET = 16.0;
				MTL_ENABLE_DEBUG_INFO = INCLUDE_SOURCE;
				MTL_FAST_MATH = YES;
				ONLY_ACTIVE_ARCH = YES;
				SDKROOT = iphoneos;
				SWIFT_ACTIVE_COMPILATION_CONDITIONS = DEBUG;
				SWIFT_OPTIMIZATION_LEVEL = "-Onone";
			};
			name = Debug;
		};
		B7D90CDF2BC32A170050D236 /* Release */ = {
			isa = XCBuildConfiguration;
			buildSettings = {
				ALWAYS_SEARCH_USER_PATHS = NO;
				CLANG_ANALYZER_NONNULL = YES;
				CLANG_ANALYZER_NUMBER_OBJECT_CONVERSION = YES_AGGRESSIVE;
				CLANG_CXX_LANGUAGE_STANDARD = "gnu++20";
				CLANG_ENABLE_MODULES = YES;
				CLANG_ENABLE_OBJC_ARC = YES;
				CLANG_ENABLE_OBJC_WEAK = YES;
				CLANG_WARN_BLOCK_CAPTURE_AUTORELEASING = YES;
				CLANG_WARN_BOOL_CONVERSION = YES;
				CLANG_WARN_COMMA = YES;
				CLANG_WARN_CONSTANT_CONVERSION = YES;
				CLANG_WARN_DEPRECATED_OBJC_IMPLEMENTATIONS = YES;
				CLANG_WARN_DIRECT_OBJC_ISA_USAGE = YES_ERROR;
				CLANG_WARN_DOCUMENTATION_COMMENTS = YES;
				CLANG_WARN_EMPTY_BODY = YES;
				CLANG_WARN_ENUM_CONVERSION = YES;
				CLANG_WARN_INFINITE_RECURSION = YES;
				CLANG_WARN_INT_CONVERSION = YES;
				CLANG_WARN_NON_LITERAL_NULL_CONVERSION = YES;
				CLANG_WARN_OBJC_IMPLICIT_RETAIN_SELF = YES;
				CLANG_WARN_OBJC_LITERAL_CONVERSION = YES;
				CLANG_WARN_OBJC_ROOT_CLASS = YES_ERROR;
				CLANG_WARN_QUOTED_INCLUDE_IN_FRAMEWORK_HEADER = YES;
				CLANG_WARN_RANGE_LOOP_ANALYSIS = YES;
				CLANG_WARN_STRICT_PROTOTYPES = YES;
				CLANG_WARN_SUSPICIOUS_MOVE = YES;
				CLANG_WARN_UNGUARDED_AVAILABILITY = YES_AGGRESSIVE;
				CLANG_WARN_UNREACHABLE_CODE = YES;
				CLANG_WARN__DUPLICATE_METHOD_MATCH = YES;
				COPY_PHASE_STRIP = NO;
				DEBUG_INFORMATION_FORMAT = "dwarf-with-dsym";
				ENABLE_NS_ASSERTIONS = NO;
				ENABLE_STRICT_OBJC_MSGSEND = YES;
				GCC_C_LANGUAGE_STANDARD = gnu11;
				GCC_NO_COMMON_BLOCKS = YES;
				GCC_WARN_64_TO_32_BIT_CONVERSION = YES;
				GCC_WARN_ABOUT_RETURN_TYPE = YES_ERROR;
				GCC_WARN_UNDECLARED_SELECTOR = YES;
				GCC_WARN_UNINITIALIZED_AUTOS = YES_AGGRESSIVE;
				GCC_WARN_UNUSED_FUNCTION = YES;
				GCC_WARN_UNUSED_VARIABLE = YES;
				IPHONEOS_DEPLOYMENT_TARGET = 16.0;
				MTL_ENABLE_DEBUG_INFO = NO;
				MTL_FAST_MATH = YES;
				SDKROOT = iphoneos;
				SWIFT_COMPILATION_MODE = wholemodule;
				SWIFT_OPTIMIZATION_LEVEL = "-O";
				VALIDATE_PRODUCT = YES;
			};
			name = Release;
		};
		B7D90CE12BC32A170050D236 /* Debug */ = {
			isa = XCBuildConfiguration;
			buildSettings = {
				ASSETCATALOG_COMPILER_APPICON_NAME = AppIcon;
				ASSETCATALOG_COMPILER_GLOBAL_ACCENT_COLOR_NAME = AccentColor;
				CODE_SIGN_STYLE = Automatic;
				CURRENT_PROJECT_VERSION = 1;
				GENERATE_INFOPLIST_FILE = YES;
				INFOPLIST_FILE = SweaterShopProyec/Info.plist;
				INFOPLIST_KEY_UIApplicationSupportsIndirectInputEvents = YES;
				INFOPLIST_KEY_UILaunchStoryboardName = LaunchScreen;
				INFOPLIST_KEY_UIMainStoryboardFile = Main;
				INFOPLIST_KEY_UISupportedInterfaceOrientations_iPad = "UIInterfaceOrientationPortrait UIInterfaceOrientationPortraitUpsideDown UIInterfaceOrientationLandscapeLeft UIInterfaceOrientationLandscapeRight";
				INFOPLIST_KEY_UISupportedInterfaceOrientations_iPhone = "UIInterfaceOrientationPortrait UIInterfaceOrientationLandscapeLeft UIInterfaceOrientationLandscapeRight";
				IPHONEOS_DEPLOYMENT_TARGET = 13.0;
				LD_RUNPATH_SEARCH_PATHS = (
					"$(inherited)",
					"@executable_path/Frameworks",
				);
				MARKETING_VERSION = 1.0;
				PRODUCT_BUNDLE_IDENTIFIER = cibertech.SweaterShopProyec;
				PRODUCT_NAME = "$(TARGET_NAME)";
				SWIFT_EMIT_LOC_STRINGS = YES;
				SWIFT_VERSION = 5.0;
				TARGETED_DEVICE_FAMILY = "1,2";
			};
			name = Debug;
		};
		B7D90CE22BC32A170050D236 /* Release */ = {
			isa = XCBuildConfiguration;
			buildSettings = {
				ASSETCATALOG_COMPILER_APPICON_NAME = AppIcon;
				ASSETCATALOG_COMPILER_GLOBAL_ACCENT_COLOR_NAME = AccentColor;
				CODE_SIGN_STYLE = Automatic;
				CURRENT_PROJECT_VERSION = 1;
				GENERATE_INFOPLIST_FILE = YES;
				INFOPLIST_FILE = SweaterShopProyec/Info.plist;
				INFOPLIST_KEY_UIApplicationSupportsIndirectInputEvents = YES;
				INFOPLIST_KEY_UILaunchStoryboardName = LaunchScreen;
				INFOPLIST_KEY_UIMainStoryboardFile = Main;
				INFOPLIST_KEY_UISupportedInterfaceOrientations_iPad = "UIInterfaceOrientationPortrait UIInterfaceOrientationPortraitUpsideDown UIInterfaceOrientationLandscapeLeft UIInterfaceOrientationLandscapeRight";
				INFOPLIST_KEY_UISupportedInterfaceOrientations_iPhone = "UIInterfaceOrientationPortrait UIInterfaceOrientationLandscapeLeft UIInterfaceOrientationLandscapeRight";
				IPHONEOS_DEPLOYMENT_TARGET = 13.0;
				LD_RUNPATH_SEARCH_PATHS = (
					"$(inherited)",
					"@executable_path/Frameworks",
				);
				MARKETING_VERSION = 1.0;
				PRODUCT_BUNDLE_IDENTIFIER = cibertech.SweaterShopProyec;
				PRODUCT_NAME = "$(TARGET_NAME)";
				SWIFT_EMIT_LOC_STRINGS = YES;
				SWIFT_VERSION = 5.0;
				TARGETED_DEVICE_FAMILY = "1,2";
			};
			name = Release;
		};
/* End XCBuildConfiguration section */

/* Begin XCConfigurationList section */
		B7D90CC72BC32A160050D236 /* Build configuration list for PBXProject "SweaterShopProyec" */ = {
			isa = XCConfigurationList;
			buildConfigurations = (
				B7D90CDE2BC32A170050D236 /* Debug */,
				B7D90CDF2BC32A170050D236 /* Release */,
			);
			defaultConfigurationIsVisible = 0;
			defaultConfigurationName = Release;
		};
		B7D90CE02BC32A170050D236 /* Build configuration list for PBXNativeTarget "SweaterShopProyec" */ = {
			isa = XCConfigurationList;
			buildConfigurations = (
				B7D90CE12BC32A170050D236 /* Debug */,
				B7D90CE22BC32A170050D236 /* Release */,
			);
			defaultConfigurationIsVisible = 0;
			defaultConfigurationName = Release;
		};
/* End XCConfigurationList section */

/* Begin XCRemoteSwiftPackageReference section */
		B71CB6052BE802AB00960617 /* XCRemoteSwiftPackageReference "firebase-ios-sdk" */ = {
			isa = XCRemoteSwiftPackageReference;
			repositoryURL = "https://github.com/firebase/firebase-ios-sdk";
			requirement = {
				kind = exactVersion;
				version = 9.6.0;
			};
		};
/* End XCRemoteSwiftPackageReference section */

/* Begin XCSwiftPackageProductDependency section */
		B71CB6062BE802AB00960617 /* FirebaseAuth */ = {
			isa = XCSwiftPackageProductDependency;
			package = B71CB6052BE802AB00960617 /* XCRemoteSwiftPackageReference "firebase-ios-sdk" */;
			productName = FirebaseAuth;
		};
		B71CB6082BE802AB00960617 /* FirebaseDatabase */ = {
			isa = XCSwiftPackageProductDependency;
			package = B71CB6052BE802AB00960617 /* XCRemoteSwiftPackageReference "firebase-ios-sdk" */;
			productName = FirebaseDatabase;
		};
/* End XCSwiftPackageProductDependency section */

/* Begin XCVersionGroup section */
		B7BD38962BEFD9740027A75C /* SweaterShopProyec.xcdatamodeld */ = {
			isa = XCVersionGroup;
			children = (
				B7BD38972BEFD9740027A75C /* SweaterShopProyec.xcdatamodel */,
			);
			currentVersion = B7BD38972BEFD9740027A75C /* SweaterShopProyec.xcdatamodel */;
			path = SweaterShopProyec.xcdatamodeld;
			sourceTree = "<group>";
			versionGroupType = wrapper.xcdatamodel;
		};
/* End XCVersionGroup section */
	};
	rootObject = B7D90CC42BC32A160050D236 /* Project object */;
}
