// !$*UTF8*$!
{
	archiveVersion = 1;
	classes = {
	};
	objectVersion = 56;
	objects = {

/* Begin PBXBuildFile section */
		B703785A2BD593ED00B6074C /* CustomCollectionViewCell.swift in Sources */ = {isa = PBXBuildFile; fileRef = B70378592BD593ED00B6074C /* CustomCollectionViewCell.swift */; };
		B753D8C12BDEBF4400379C50 /* GoogleService-Info.plist in Resources */ = {isa = PBXBuildFile; fileRef = B753D8C02BDEBF4400379C50 /* GoogleService-Info.plist */; };
		B77281A72BCAE7FC00D72453 /* bienvenido.jpeg in Resources */ = {isa = PBXBuildFile; fileRef = B77281A62BCAE7FC00D72453 /* bienvenido.jpeg */; };
		B77281A92BCAEA2F00D72453 /* login.png in Resources */ = {isa = PBXBuildFile; fileRef = B77281A82BCAEA2F00D72453 /* login.png */; };
		B7D90CD02BC32A160050D236 /* AppDelegate.swift in Sources */ = {isa = PBXBuildFile; fileRef = B7D90CCF2BC32A160050D236 /* AppDelegate.swift */; };
		B7D90CD22BC32A160050D236 /* SceneDelegate.swift in Sources */ = {isa = PBXBuildFile; fileRef = B7D90CD12BC32A160050D236 /* SceneDelegate.swift */; };
		B7D90CD42BC32A160050D236 /* ViewController.swift in Sources */ = {isa = PBXBuildFile; fileRef = B7D90CD32BC32A160050D236 /* ViewController.swift */; };
		B7D90CD72BC32A160050D236 /* Main.storyboard in Resources */ = {isa = PBXBuildFile; fileRef = B7D90CD52BC32A160050D236 /* Main.storyboard */; };
		B7D90CD92BC32A170050D236 /* Assets.xcassets in Resources */ = {isa = PBXBuildFile; fileRef = B7D90CD82BC32A170050D236 /* Assets.xcassets */; };
		B7D90CDC2BC32A170050D236 /* LaunchScreen.storyboard in Resources */ = {isa = PBXBuildFile; fileRef = B7D90CDA2BC32A170050D236 /* LaunchScreen.storyboard */; };
		E49F02256ABA961E022DB712 /* Pods_SweaterShopProyec.framework in Frameworks */ = {isa = PBXBuildFile; fileRef = 0EBF5B93898012F1AB6509AA /* Pods_SweaterShopProyec.framework */; };
/* End PBXBuildFile section */

/* Begin PBXFileReference section */
		0EBF5B93898012F1AB6509AA /* Pods_SweaterShopProyec.framework */ = {isa = PBXFileReference; explicitFileType = wrapper.framework; includeInIndex = 0; path = Pods_SweaterShopProyec.framework; sourceTree = BUILT_PRODUCTS_DIR; };
		B70378592BD593ED00B6074C /* CustomCollectionViewCell.swift */ = {isa = PBXFileReference; lastKnownFileType = sourcecode.swift; path = CustomCollectionViewCell.swift; sourceTree = SOURCE_ROOT; };
		B753D8C02BDEBF4400379C50 /* GoogleService-Info.plist */ = {isa = PBXFileReference; fileEncoding = 4; lastKnownFileType = text.plist.xml; path = "GoogleService-Info.plist"; sourceTree = "<group>"; };
		B77281A62BCAE7FC00D72453 /* bienvenido.jpeg */ = {isa = PBXFileReference; lastKnownFileType = image.jpeg; name = bienvenido.jpeg; path = ../../../../../Downloads/bienvenido.jpeg; sourceTree = "<group>"; };
		B77281A82BCAEA2F00D72453 /* login.png */ = {isa = PBXFileReference; lastKnownFileType = image.png; name = login.png; path = ../../../../../Downloads/login.png; sourceTree = "<group>"; };
		B7D90CCC2BC32A160050D236 /* SweaterShopProyec.app */ = {isa = PBXFileReference; explicitFileType = wrapper.application; includeInIndex = 0; path = SweaterShopProyec.app; sourceTree = BUILT_PRODUCTS_DIR; };
		B7D90CCF2BC32A160050D236 /* AppDelegate.swift */ = {isa = PBXFileReference; lastKnownFileType = sourcecode.swift; path = AppDelegate.swift; sourceTree = "<group>"; };
		B7D90CD12BC32A160050D236 /* SceneDelegate.swift */ = {isa = PBXFileReference; lastKnownFileType = sourcecode.swift; path = SceneDelegate.swift; sourceTree = "<group>"; };
		B7D90CD32BC32A160050D236 /* ViewController.swift */ = {isa = PBXFileReference; lastKnownFileType = sourcecode.swift; path = ViewController.swift; sourceTree = "<group>"; };
		B7D90CD62BC32A160050D236 /* Base */ = {isa = PBXFileReference; lastKnownFileType = file.storyboard; name = Base; path = Base.lproj/Main.storyboard; sourceTree = "<group>"; };
		B7D90CD82BC32A170050D236 /* Assets.xcassets */ = {isa = PBXFileReference; lastKnownFileType = folder.assetcatalog; path = Assets.xcassets; sourceTree = "<group>"; };
		B7D90CDB2BC32A170050D236 /* Base */ = {isa = PBXFileReference; lastKnownFileType = file.storyboard; name = Base; path = Base.lproj/LaunchScreen.storyboard; sourceTree = "<group>"; };
		B7D90CDD2BC32A170050D236 /* Info.plist */ = {isa = PBXFileReference; lastKnownFileType = text.plist.xml; path = Info.plist; sourceTree = "<group>"; };
		DFFCA504D071B350B3A5F66D /* Pods-SweaterShopProyec.debug.xcconfig */ = {isa = PBXFileReference; includeInIndex = 1; lastKnownFileType = text.xcconfig; name = "Pods-SweaterShopProyec.debug.xcconfig"; path = "Target Support Files/Pods-SweaterShopProyec/Pods-SweaterShopProyec.debug.xcconfig"; sourceTree = "<group>"; };
		E524D6C01362EB5B97883BCC /* Pods-SweaterShopProyec.release.xcconfig */ = {isa = PBXFileReference; includeInIndex = 1; lastKnownFileType = text.xcconfig; name = "Pods-SweaterShopProyec.release.xcconfig"; path = "Target Support Files/Pods-SweaterShopProyec/Pods-SweaterShopProyec.release.xcconfig"; sourceTree = "<group>"; };
/* End PBXFileReference section */

/* Begin PBXFrameworksBuildPhase section */
		B7D90CC92BC32A160050D236 /* Frameworks */ = {
			isa = PBXFrameworksBuildPhase;
			buildActionMask = 2147483647;
			files = (
				E49F02256ABA961E022DB712 /* Pods_SweaterShopProyec.framework in Frameworks */,
			);
			runOnlyForDeploymentPostprocessing = 0;
		};
/* End PBXFrameworksBuildPhase section */

/* Begin PBXGroup section */
		9F10D18D77CB503DEB16E79A /* Pods */ = {
			isa = PBXGroup;
			children = (
				DFFCA504D071B350B3A5F66D /* Pods-SweaterShopProyec.debug.xcconfig */,
				E524D6C01362EB5B97883BCC /* Pods-SweaterShopProyec.release.xcconfig */,
			);
			path = Pods;
			sourceTree = "<group>";
		};
		B7D90CC32BC32A160050D236 = {
			isa = PBXGroup;
			children = (
				B7D90CCE2BC32A160050D236 /* SweaterShopProyec */,
				B7D90CCD2BC32A160050D236 /* Products */,
				9F10D18D77CB503DEB16E79A /* Pods */,
				E746ADDE41EE86F064A626D3 /* Frameworks */,
			);
			sourceTree = "<group>";
		};
		B7D90CCD2BC32A160050D236 /* Products */ = {
			isa = PBXGroup;
			children = (
				B7D90CCC2BC32A160050D236 /* SweaterShopProyec.app */,
			);
			name = Products;
			sourceTree = "<group>";
		};
		B7D90CCE2BC32A160050D236 /* SweaterShopProyec */ = {
			isa = PBXGroup;
			children = (
				B70378592BD593ED00B6074C /* CustomCollectionViewCell.swift */,
				B7D90CCF2BC32A160050D236 /* AppDelegate.swift */,
				B7D90CD12BC32A160050D236 /* SceneDelegate.swift */,
				B7D90CD32BC32A160050D236 /* ViewController.swift */,
				B7D90CD52BC32A160050D236 /* Main.storyboard */,
				B7D90CD82BC32A170050D236 /* Assets.xcassets */,
				B7D90CDA2BC32A170050D236 /* LaunchScreen.storyboard */,
				B7D90CDD2BC32A170050D236 /* Info.plist */,
				B753D8C02BDEBF4400379C50 /* GoogleService-Info.plist */,
				B77281A62BCAE7FC00D72453 /* bienvenido.jpeg */,
				B77281A82BCAEA2F00D72453 /* login.png */,
			);
			path = SweaterShopProyec;
			sourceTree = "<group>";
		};
		E746ADDE41EE86F064A626D3 /* Frameworks */ = {
			isa = PBXGroup;
			children = (
				0EBF5B93898012F1AB6509AA /* Pods_SweaterShopProyec.framework */,
			);
			name = Frameworks;
			sourceTree = "<group>";
		};
/* End PBXGroup section */

/* Begin PBXNativeTarget section */
		B7D90CCB2BC32A160050D236 /* SweaterShopProyec */ = {
			isa = PBXNativeTarget;
			buildConfigurationList = B7D90CE02BC32A170050D236 /* Build configuration list for PBXNativeTarget "SweaterShopProyec" */;
			buildPhases = (
				914ABE636F5E86BC9874B60F /* [CP] Check Pods Manifest.lock */,
				B7D90CC82BC32A160050D236 /* Sources */,
				B7D90CC92BC32A160050D236 /* Frameworks */,
				B7D90CCA2BC32A160050D236 /* Resources */,
				635FEFAF0A4F5FA41FD741DF /* [CP] Embed Pods Frameworks */,
			);
			buildRules = (
			);
			dependencies = (
			);
			name = SweaterShopProyec;
			productName = SweaterShopProyec;
			productReference = B7D90CCC2BC32A160050D236 /* SweaterShopProyec.app */;
			productType = "com.apple.product-type.application";
		};
/* End PBXNativeTarget section */

/* Begin PBXProject section */
		B7D90CC42BC32A160050D236 /* Project object */ = {
			isa = PBXProject;
			attributes = {
				BuildIndependentTargetsInParallel = 1;
				LastSwiftUpdateCheck = 1400;
				LastUpgradeCheck = 1400;
				TargetAttributes = {
					B7D90CCB2BC32A160050D236 = {
						CreatedOnToolsVersion = 14.0;
					};
				};
			};
			buildConfigurationList = B7D90CC72BC32A160050D236 /* Build configuration list for PBXProject "SweaterShopProyec" */;
			compatibilityVersion = "Xcode 14.0";
			developmentRegion = en;
			hasScannedForEncodings = 0;
			knownRegions = (
				en,
				Base,
			);
			mainGroup = B7D90CC32BC32A160050D236;
			productRefGroup = B7D90CCD2BC32A160050D236 /* Products */;
			projectDirPath = "";
			projectRoot = "";
			targets = (
				B7D90CCB2BC32A160050D236 /* SweaterShopProyec */,
			);
		};
/* End PBXProject section */

/* Begin PBXResourcesBuildPhase section */
		B7D90CCA2BC32A160050D236 /* Resources */ = {
			isa = PBXResourcesBuildPhase;
			buildActionMask = 2147483647;
			files = (
				B7D90CDC2BC32A170050D236 /* LaunchScreen.storyboard in Resources */,
				B77281A92BCAEA2F00D72453 /* login.png in Resources */,
				B7D90CD92BC32A170050D236 /* Assets.xcassets in Resources */,
				B77281A72BCAE7FC00D72453 /* bienvenido.jpeg in Resources */,
				B7D90CD72BC32A160050D236 /* Main.storyboard in Resources */,
				B753D8C12BDEBF4400379C50 /* GoogleService-Info.plist in Resources */,
			);
			runOnlyForDeploymentPostprocessing = 0;
		};
/* End PBXResourcesBuildPhase section */

/* Begin PBXShellScriptBuildPhase section */
		635FEFAF0A4F5FA41FD741DF /* [CP] Embed Pods Frameworks */ = {
			isa = PBXShellScriptBuildPhase;
			buildActionMask = 2147483647;
			files = (
			);
			inputFileListPaths = (
				"${PODS_ROOT}/Target Support Files/Pods-SweaterShopProyec/Pods-SweaterShopProyec-frameworks-${CONFIGURATION}-input-files.xcfilelist",
			);
			name = "[CP] Embed Pods Frameworks";
			outputFileListPaths = (
				"${PODS_ROOT}/Target Support Files/Pods-SweaterShopProyec/Pods-SweaterShopProyec-frameworks-${CONFIGURATION}-output-files.xcfilelist",
			);
			runOnlyForDeploymentPostprocessing = 0;
			shellPath = /bin/sh;
			shellScript = "\"${PODS_ROOT}/Target Support Files/Pods-SweaterShopProyec/Pods-SweaterShopProyec-frameworks.sh\"\n";
			showEnvVarsInLog = 0;
		};
		914ABE636F5E86BC9874B60F /* [CP] Check Pods Manifest.lock */ = {
			isa = PBXShellScriptBuildPhase;
			buildActionMask = 2147483647;
			files = (
			);
			inputFileListPaths = (
			);
			inputPaths = (
				"${PODS_PODFILE_DIR_PATH}/Podfile.lock",
				"${PODS_ROOT}/Manifest.lock",
			);
			name = "[CP] Check Pods Manifest.lock";
			outputFileListPaths = (
			);
			outputPaths = (
				"$(DERIVED_FILE_DIR)/Pods-SweaterShopProyec-checkManifestLockResult.txt",
			);
			runOnlyForDeploymentPostprocessing = 0;
			shellPath = /bin/sh;
			shellScript = "diff \"${PODS_PODFILE_DIR_PATH}/Podfile.lock\" \"${PODS_ROOT}/Manifest.lock\" > /dev/null\nif [ $? != 0 ] ; then\n    # print error to STDERR\n    echo \"error: The sandbox is not in sync with the Podfile.lock. Run 'pod install' or update your CocoaPods installation.\" >&2\n    exit 1\nfi\n# This output is used by Xcode 'outputs' to avoid re-running this script phase.\necho \"SUCCESS\" > \"${SCRIPT_OUTPUT_FILE_0}\"\n";
			showEnvVarsInLog = 0;
		};
/* End PBXShellScriptBuildPhase section */

/* Begin PBXSourcesBuildPhase section */
		B7D90CC82BC32A160050D236 /* Sources */ = {
			isa = PBXSourcesBuildPhase;
			buildActionMask = 2147483647;
			files = (
				B7D90CD42BC32A160050D236 /* ViewController.swift in Sources */,
				B7D90CD02BC32A160050D236 /* AppDelegate.swift in Sources */,
				B7D90CD22BC32A160050D236 /* SceneDelegate.swift in Sources */,
				B703785A2BD593ED00B6074C /* CustomCollectionViewCell.swift in Sources */,
			);
			runOnlyForDeploymentPostprocessing = 0;
		};
/* End PBXSourcesBuildPhase section */

/* Begin PBXVariantGroup section */
		B7D90CD52BC32A160050D236 /* Main.storyboard */ = {
			isa = PBXVariantGroup;
			children = (
				B7D90CD62BC32A160050D236 /* Base */,
			);
			name = Main.storyboard;
			sourceTree = "<group>";
		};
		B7D90CDA2BC32A170050D236 /* LaunchScreen.storyboard */ = {
			isa = PBXVariantGroup;
			children = (
				B7D90CDB2BC32A170050D236 /* Base */,
			);
			name = LaunchScreen.storyboard;
			sourceTree = "<group>";
		};
/* End PBXVariantGroup section */

/* Begin XCBuildConfiguration section */
		B7D90CDE2BC32A170050D236 /* Debug */ = {
			isa = XCBuildConfiguration;
			buildSettings = {
				ALWAYS_SEARCH_USER_PATHS = NO;
				CLANG_ANALYZER_NONNULL = YES;
				CLANG_ANALYZER_NUMBER_OBJECT_CONVERSION = YES_AGGRESSIVE;
				CLANG_CXX_LANGUAGE_STANDARD = "gnu++20";
				CLANG_ENABLE_MODULES = YES;
				CLANG_ENABLE_OBJC_ARC = YES;
				CLANG_ENABLE_OBJC_WEAK = YES;
				CLANG_WARN_BLOCK_CAPTURE_AUTORELEASING = YES;
				CLANG_WARN_BOOL_CONVERSION = YES;
				CLANG_WARN_COMMA = YES;
				CLANG_WARN_CONSTANT_CONVERSION = YES;
				CLANG_WARN_DEPRECATED_OBJC_IMPLEMENTATIONS = YES;
				CLANG_WARN_DIRECT_OBJC_ISA_USAGE = YES_ERROR;
				CLANG_WARN_DOCUMENTATION_COMMENTS = YES;
				CLANG_WARN_EMPTY_BODY = YES;
				CLANG_WARN_ENUM_CONVERSION = YES;
				CLANG_WARN_INFINITE_RECURSION = YES;
				CLANG_WARN_INT_CONVERSION = YES;
				CLANG_WARN_NON_LITERAL_NULL_CONVERSION = YES;
				CLANG_WARN_OBJC_IMPLICIT_RETAIN_SELF = YES;
				CLANG_WARN_OBJC_LITERAL_CONVERSION = YES;
				CLANG_WARN_OBJC_ROOT_CLASS = YES_ERROR;
				CLANG_WARN_QUOTED_INCLUDE_IN_FRAMEWORK_HEADER = YES;
				CLANG_WARN_RANGE_LOOP_ANALYSIS = YES;
				CLANG_WARN_STRICT_PROTOTYPES = YES;
				CLANG_WARN_SUSPICIOUS_MOVE = YES;
				CLANG_WARN_UNGUARDED_AVAILABILITY = YES_AGGRESSIVE;
				CLANG_WARN_UNREACHABLE_CODE = YES;
				CLANG_WARN__DUPLICATE_METHOD_MATCH = YES;
				COPY_PHASE_STRIP = NO;
				DEBUG_INFORMATION_FORMAT = dwarf;
				ENABLE_STRICT_OBJC_MSGSEND = YES;
				ENABLE_TESTABILITY = YES;
				GCC_C_LANGUAGE_STANDARD = gnu11;
				GCC_DYNAMIC_NO_PIC = NO;
				GCC_NO_COMMON_BLOCKS = YES;
				GCC_OPTIMIZATION_LEVEL = 0;
				GCC_PREPROCESSOR_DEFINITIONS = (
					"DEBUG=1",
					"$(inherited)",
				);
				GCC_WARN_64_TO_32_BIT_CONVERSION = YES;
				GCC_WARN_ABOUT_RETURN_TYPE = YES_ERROR;
				GCC_WARN_UNDECLARED_SELECTOR = YES;
				GCC_WARN_UNINITIALIZED_AUTOS = YES_AGGRESSIVE;
				GCC_WARN_UNUSED_FUNCTION = YES;
				GCC_WARN_UNUSED_VARIABLE = YES;
				IPHONEOS_DEPLOYMENT_TARGET = 16.0;
				MTL_ENABLE_DEBUG_INFO = INCLUDE_SOURCE;
				MTL_FAST_MATH = YES;
				ONLY_ACTIVE_ARCH = YES;
				SDKROOT = iphoneos;
				SWIFT_ACTIVE_COMPILATION_CONDITIONS = DEBUG;
				SWIFT_OPTIMIZATION_LEVEL = "-Onone";
			};
			name = Debug;
		};
		B7D90CDF2BC32A170050D236 /* Release */ = {
			isa = XCBuildConfiguration;
			buildSettings = {
				ALWAYS_SEARCH_USER_PATHS = NO;
				CLANG_ANALYZER_NONNULL = YES;
				CLANG_ANALYZER_NUMBER_OBJECT_CONVERSION = YES_AGGRESSIVE;
				CLANG_CXX_LANGUAGE_STANDARD = "gnu++20";
				CLANG_ENABLE_MODULES = YES;
				CLANG_ENABLE_OBJC_ARC = YES;
				CLANG_ENABLE_OBJC_WEAK = YES;
				CLANG_WARN_BLOCK_CAPTURE_AUTORELEASING = YES;
				CLANG_WARN_BOOL_CONVERSION = YES;
				CLANG_WARN_COMMA = YES;
				CLANG_WARN_CONSTANT_CONVERSION = YES;
				CLANG_WARN_DEPRECATED_OBJC_IMPLEMENTATIONS = YES;
				CLANG_WARN_DIRECT_OBJC_ISA_USAGE = YES_ERROR;
				CLANG_WARN_DOCUMENTATION_COMMENTS = YES;
				CLANG_WARN_EMPTY_BODY = YES;
				CLANG_WARN_ENUM_CONVERSION = YES;
				CLANG_WARN_INFINITE_RECURSION = YES;
				CLANG_WARN_INT_CONVERSION = YES;
				CLANG_WARN_NON_LITERAL_NULL_CONVERSION = YES;
				CLANG_WARN_OBJC_IMPLICIT_RETAIN_SELF = YES;
				CLANG_WARN_OBJC_LITERAL_CONVERSION = YES;
				CLANG_WARN_OBJC_ROOT_CLASS = YES_ERROR;
				CLANG_WARN_QUOTED_INCLUDE_IN_FRAMEWORK_HEADER = YES;
				CLANG_WARN_RANGE_LOOP_ANALYSIS = YES;
				CLANG_WARN_STRICT_PROTOTYPES = YES;
				CLANG_WARN_SUSPICIOUS_MOVE = YES;
				CLANG_WARN_UNGUARDED_AVAILABILITY = YES_AGGRESSIVE;
				CLANG_WARN_UNREACHABLE_CODE = YES;
				CLANG_WARN__DUPLICATE_METHOD_MATCH = YES;
				COPY_PHASE_STRIP = NO;
				DEBUG_INFORMATION_FORMAT = "dwarf-with-dsym";
				ENABLE_NS_ASSERTIONS = NO;
				ENABLE_STRICT_OBJC_MSGSEND = YES;
				GCC_C_LANGUAGE_STANDARD = gnu11;
				GCC_NO_COMMON_BLOCKS = YES;
				GCC_WARN_64_TO_32_BIT_CONVERSION = YES;
				GCC_WARN_ABOUT_RETURN_TYPE = YES_ERROR;
				GCC_WARN_UNDECLARED_SELECTOR = YES;
				GCC_WARN_UNINITIALIZED_AUTOS = YES_AGGRESSIVE;
				GCC_WARN_UNUSED_FUNCTION = YES;
				GCC_WARN_UNUSED_VARIABLE = YES;
				IPHONEOS_DEPLOYMENT_TARGET = 16.0;
				MTL_ENABLE_DEBUG_INFO = NO;
				MTL_FAST_MATH = YES;
				SDKROOT = iphoneos;
				SWIFT_COMPILATION_MODE = wholemodule;
				SWIFT_OPTIMIZATION_LEVEL = "-O";
				VALIDATE_PRODUCT = YES;
			};
			name = Release;
		};
		B7D90CE12BC32A170050D236 /* Debug */ = {
			isa = XCBuildConfiguration;
			baseConfigurationReference = DFFCA504D071B350B3A5F66D /* Pods-SweaterShopProyec.debug.xcconfig */;
			buildSettings = {
				ASSETCATALOG_COMPILER_APPICON_NAME = AppIcon;
				ASSETCATALOG_COMPILER_GLOBAL_ACCENT_COLOR_NAME = AccentColor;
				CODE_SIGN_STYLE = Automatic;
				CURRENT_PROJECT_VERSION = 1;
				GENERATE_INFOPLIST_FILE = YES;
				INFOPLIST_FILE = SweaterShopProyec/Info.plist;
				INFOPLIST_KEY_UIApplicationSupportsIndirectInputEvents = YES;
				INFOPLIST_KEY_UILaunchStoryboardName = LaunchScreen;
				INFOPLIST_KEY_UIMainStoryboardFile = Main;
				INFOPLIST_KEY_UISupportedInterfaceOrientations_iPad = "UIInterfaceOrientationPortrait UIInterfaceOrientationPortraitUpsideDown UIInterfaceOrientationLandscapeLeft UIInterfaceOrientationLandscapeRight";
				INFOPLIST_KEY_UISupportedInterfaceOrientations_iPhone = "UIInterfaceOrientationPortrait UIInterfaceOrientationLandscapeLeft UIInterfaceOrientationLandscapeRight";
				IPHONEOS_DEPLOYMENT_TARGET = 13.0;
				LD_RUNPATH_SEARCH_PATHS = (
					"$(inherited)",
					"@executable_path/Frameworks",
				);
				MARKETING_VERSION = 1.0;
				PRODUCT_BUNDLE_IDENTIFIER = cibertech.SweaterShopProyec;
				PRODUCT_NAME = "$(TARGET_NAME)";
				SWIFT_EMIT_LOC_STRINGS = YES;
				SWIFT_VERSION = 5.0;
				TARGETED_DEVICE_FAMILY = "1,2";
			};
			name = Debug;
		};
		B7D90CE22BC32A170050D236 /* Release */ = {
			isa = XCBuildConfiguration;
			baseConfigurationReference = E524D6C01362EB5B97883BCC /* Pods-SweaterShopProyec.release.xcconfig */;
			buildSettings = {
				ASSETCATALOG_COMPILER_APPICON_NAME = AppIcon;
				ASSETCATALOG_COMPILER_GLOBAL_ACCENT_COLOR_NAME = AccentColor;
				CODE_SIGN_STYLE = Automatic;
				CURRENT_PROJECT_VERSION = 1;
				GENERATE_INFOPLIST_FILE = YES;
				INFOPLIST_FILE = SweaterShopProyec/Info.plist;
				INFOPLIST_KEY_UIApplicationSupportsIndirectInputEvents = YES;
				INFOPLIST_KEY_UILaunchStoryboardName = LaunchScreen;
				INFOPLIST_KEY_UIMainStoryboardFile = Main;
				INFOPLIST_KEY_UISupportedInterfaceOrientations_iPad = "UIInterfaceOrientationPortrait UIInterfaceOrientationPortraitUpsideDown UIInterfaceOrientationLandscapeLeft UIInterfaceOrientationLandscapeRight";
				INFOPLIST_KEY_UISupportedInterfaceOrientations_iPhone = "UIInterfaceOrientationPortrait UIInterfaceOrientationLandscapeLeft UIInterfaceOrientationLandscapeRight";
				IPHONEOS_DEPLOYMENT_TARGET = 13.0;
				LD_RUNPATH_SEARCH_PATHS = (
					"$(inherited)",
					"@executable_path/Frameworks",
				);
				MARKETING_VERSION = 1.0;
				PRODUCT_BUNDLE_IDENTIFIER = cibertech.SweaterShopProyec;
				PRODUCT_NAME = "$(TARGET_NAME)";
				SWIFT_EMIT_LOC_STRINGS = YES;
				SWIFT_VERSION = 5.0;
				TARGETED_DEVICE_FAMILY = "1,2";
			};
			name = Release;
		};
/* End XCBuildConfiguration section */

/* Begin XCConfigurationList section */
		B7D90CC72BC32A160050D236 /* Build configuration list for PBXProject "SweaterShopProyec" */ = {
			isa = XCConfigurationList;
			buildConfigurations = (
				B7D90CDE2BC32A170050D236 /* Debug */,
				B7D90CDF2BC32A170050D236 /* Release */,
			);
			defaultConfigurationIsVisible = 0;
			defaultConfigurationName = Release;
		};
		B7D90CE02BC32A170050D236 /* Build configuration list for PBXNativeTarget "SweaterShopProyec" */ = {
			isa = XCConfigurationList;
			buildConfigurations = (
				B7D90CE12BC32A170050D236 /* Debug */,
				B7D90CE22BC32A170050D236 /* Release */,
			);
			defaultConfigurationIsVisible = 0;
			defaultConfigurationName = Release;
		};
/* End XCConfigurationList section */
	};
	rootObject = B7D90CC42BC32A160050D236 /* Project object */;
}
